
Microsoft Visual Studio Solution File, Format Version 12.00
# Visual Studio Version 17
VisualStudioVersion = 17.8.34511.84
MinimumVisualStudioVersion = 10.0.40219.1
Project("{9A19103F-16F7-4668-BE54-9A1E7A4F7556}") = "Ar.edu.ISTEA.TrabajoPractico-LabServidor", "Ar.edu.ISTEA.TrabajoPractico-LabServidor\Ar.edu.ISTEA.TrabajoPractico-LabServidor.csproj", "{3827F417-B414-403A-8852-700E4F45F777}"
	ProjectSection(ProjectDependencies) = postProject
		{415E50D0-7A9D-4A5E-BDFB-B8A9A0E5A123} = {415E50D0-7A9D-4A5E-BDFB-B8A9A0E5A123}
	EndProjectSection
EndProject
Project("{9A19103F-16F7-4668-BE54-9A1E7A4F7556}") = "Entities", "Entities\Entities.csproj", "{415E50D0-7A9D-4A5E-BDFB-B8A9A0E5A123}"
EndProject
Project("{9A19103F-16F7-4668-BE54-9A1E7A4F7556}") = "DAL", "DAL\DAL.csproj", "{021CF151-5AE2-4213-A723-A025CCE7315F}"
EndProject
Project("{FAE04EC0-301F-11D3-BF4B-00C04F79EFBC}") = "BLL", "BLL\BLL.csproj", "{FD55DF97-FA27-49C7-B1F1-F1C6D62AE152}"
EndProject
Global
	GlobalSection(SolutionConfigurationPlatforms) = preSolution
		Debug|Any CPU = Debug|Any CPU
		Release|Any CPU = Release|Any CPU
	EndGlobalSection
	GlobalSection(ProjectConfigurationPlatforms) = postSolution
		{3827F417-B414-403A-8852-700E4F45F777}.Debug|Any CPU.ActiveCfg = Debug|Any CPU
		{3827F417-B414-403A-8852-700E4F45F777}.Debug|Any CPU.Build.0 = Debug|Any CPU
		{3827F417-B414-403A-8852-700E4F45F777}.Release|Any CPU.ActiveCfg = Release|Any CPU
		{3827F417-B414-403A-8852-700E4F45F777}.Release|Any CPU.Build.0 = Release|Any CPU
		{415E50D0-7A9D-4A5E-BDFB-B8A9A0E5A123}.Debug|Any CPU.ActiveCfg = Debug|Any CPU
		{415E50D0-7A9D-4A5E-BDFB-B8A9A0E5A123}.Debug|Any CPU.Build.0 = Debug|Any CPU
		{415E50D0-7A9D-4A5E-BDFB-B8A9A0E5A123}.Release|Any CPU.ActiveCfg = Release|Any CPU
		{415E50D0-7A9D-4A5E-BDFB-B8A9A0E5A123}.Release|Any CPU.Build.0 = Release|Any CPU
		{021CF151-5AE2-4213-A723-A025CCE7315F}.Debug|Any CPU.ActiveCfg = Debug|Any CPU
		{021CF151-5AE2-4213-A723-A025CCE7315F}.Debug|Any CPU.Build.0 = Debug|Any CPU
		{021CF151-5AE2-4213-A723-A025CCE7315F}.Release|Any CPU.ActiveCfg = Release|Any CPU
		{021CF151-5AE2-4213-A723-A025CCE7315F}.Release|Any CPU.Build.0 = Release|Any CPU
		{FD55DF97-FA27-49C7-B1F1-F1C6D62AE152}.Debug|Any CPU.ActiveCfg = Debug|Any CPU
		{FD55DF97-FA27-49C7-B1F1-F1C6D62AE152}.Debug|Any CPU.Build.0 = Debug|Any CPU
		{FD55DF97-FA27-49C7-B1F1-F1C6D62AE152}.Release|Any CPU.ActiveCfg = Release|Any CPU
		{FD55DF97-FA27-49C7-B1F1-F1C6D62AE152}.Release|Any CPU.Build.0 = Release|Any CPU
	EndGlobalSection
	GlobalSection(SolutionProperties) = preSolution
		HideSolutionNode = FALSE
	EndGlobalSection
	GlobalSection(ExtensibilityGlobals) = postSolution
		SolutionGuid = {C9FFCF50-B19A-433D-9898-F73CE9783E84}
	EndGlobalSection
EndGlobal
